{
  "version": 1,
  "dependencies": {
    "net10.0": {
      "Microsoft.Extensions.Hosting.WindowsServices": {
        "type": "Direct",
        "requested": "[10.0.0, )",
        "resolved": "10.0.0",
        "contentHash": "4jFNSKTrGd2bHjIHY+TMqcB56gtIm91fNwfqWp2SMvVAvuweAnUMDWiai1CN4boM2s0zi4xVU9rWDLjIA58tDQ==",
        "dependencies": {
          "System.ServiceProcess.ServiceController": "10.0.0"
        }
      },
      "Microsoft.IdentityModel.JsonWebTokens": {
        "type": "Direct",
        "requested": "[8.22.0, )",
        "resolved": "8.22.0",
        "contentHash": "kv6peMLjALZLDAy2H3F77KjVRdwiscn2p/g3ui2chcbuEcAX2MpAbyDcYnJ7Vyh8jZ1aJWrniUMCDWoOgnu4NQ==",
        "dependencies": {
          "Microsoft.IdentityModel.Tokens": "8.22.0"
        }
      },
      "Microsoft.IdentityModel.Tokens": {
        "type": "Direct",
        "requested": "[8.22.0, )",
        "resolved": "8.22.0",
        "contentHash": "i4lywKKUuVmheCUA+w/q8QNPReNI0qanHI9hhz48AFqD1ljyb8sxPL2RbXOGiPV13XdJ4kxieL9ukS7tD43LxA==",
        "dependencies": {
          "Microsoft.Bcl.Cryptography": "10.0.2",
          "Microsoft.IdentityModel.Logging": "8.22.0"
        }
      },
      "BouncyCastle.Cryptography": {
        "type": "Transitive",
        "resolved": "2.7.0",
        "contentHash": "U+12df8UEWHgBi04YVf/Lgi2dy3SItlIYvHjjEVa/BngCQIzDCDRBk50DDByCfDvSbe5pRNFr3b7UrVK2kMcLw=="
      },
      "Microsoft.Bcl.Cryptography": {
        "type": "Transitive",
        "resolved": "10.0.2",
        "contentHash": "LG9Yll3B5aNpxv0+D47g6LiOiKBIlodhcHdQwcYzo8VeexFLGqx5ymetmA2aBRyo9cCcWsQWrFsdbsr8LvmWDw=="
      },
      "Microsoft.IdentityModel.Abstractions": {
        "type": "Transitive",
        "resolved": "8.22.0",
        "contentHash": "LU3V3owsu4vGpCg2kyL7SsQEuHwcoJ8FSNBqzLADzCf3/PcKUTcx5Plsd51DoTJMfK/WigXV/03UhaN5JXE6uQ=="
      },
      "Microsoft.IdentityModel.Logging": {
        "type": "Transitive",
        "resolved": "8.22.0",
        "contentHash": "G9Tl0yXSlr2pkXv4EpXjO16M4q6oo9N/od+gNyOusZ8yM8LZg1H3f/QOMFuOJiV6znzY5MkAREU97JRRnqpEQw==",
        "dependencies": {
          "Microsoft.IdentityModel.Abstractions": "8.22.0"
        }
      },
      "Npgsql": {
        "type": "Transitive",
        "resolved": "10.0.3",
        "contentHash": "7nb5YzXuvWWJxB0J8DiyL3we+X4FOctZrt0fIBnucOIaIevFEEwGQVZKtiu9olXdlNAK1eNgqSral6r/jlhI4w=="
      },
      "System.ServiceProcess.ServiceController": {
        "type": "Transitive",
        "resolved": "10.0.0",
        "contentHash": "PaFmFQXX/qL1vl0CfdJUMPMYT8TOEHlcdEiOZtd4LV2rcaS/WDQM4bpECcbRM4BrD+DWkWd/jtb6iPOqAX9TWA=="
      },
      "task.application": {
        "type": "Project",
        "dependencies": {
          "Microsoft.IdentityModel.JsonWebTokens": "[8.22.0, )",
          "Task.Domain": "[1.0.0, )"
        }
      },
      "task.domain": {
        "type": "Project"
      },
      "task.infrastructure": {
        "type": "Project",
        "dependencies": {
          "BouncyCastle.Cryptography": "[2.7.0, )",
          "Npgsql": "[10.0.3, )",
          "Task.Application": "[1.0.0, )",
          "Task.Domain": "[1.0.0, )"
        }
      }
    },
    "net10.0/linux-x64": {
      "System.ServiceProcess.ServiceController": {
        "type": "Transitive",
        "resolved": "10.0.0",
        "contentHash": "PaFmFQXX/qL1vl0CfdJUMPMYT8TOEHlcdEiOZtd4LV2rcaS/WDQM4bpECcbRM4BrD+DWkWd/jtb6iPOqAX9TWA=="
      }
    }
  }
}