
Microsoft Visual Studio Solution File, Format Version 12.00
# Visual Studio Version 17
VisualStudioVersion = 17.0.31903.59
MinimumVisualStudioVersion = 10.0.40219.1
Project("{2150E333-8FDC-42A3-9474-1A3956D46DE8}") = "src", "src", "{827E0CD3-B72D-47B6-A68D-7590B98EB39B}"
EndProject
Project("{FAE04EC0-301F-11D3-BF4B-00C04F79EFBC}") = "Task.Domain", "src\Task.Domain\Task.Domain.csproj", "{0FA3E15C-8F9D-4077-A999-7928FAABA12C}"
EndProject
Project("{FAE04EC0-301F-11D3-BF4B-00C04F79EFBC}") = "Task.Application", "src\Task.Application\Task.Application.csproj", "{BAB046EF-5873-49C8-AB56-9B7D789E2636}"
EndProject
Project("{FAE04EC0-301F-11D3-BF4B-00C04F79EFBC}") = "Task.Infrastructure", "src\Task.Infrastructure\Task.Infrastructure.csproj", "{64470C07-2E9D-499D-9EAC-ABC63A50D4F0}"
EndProject
Project("{FAE04EC0-301F-11D3-BF4B-00C04F79EFBC}") = "Task.Api", "src\Task.Api\Task.Api.csproj", "{F6027C45-A78A-4DB2-903B-C551FB151F04}"
EndProject
Project("{FAE04EC0-301F-11D3-BF4B-00C04F79EFBC}") = "Task.Worker", "src\Task.Worker\Task.Worker.csproj", "{0DC47B5A-6EA9-4CD1-BE4C-161721C7BD66}"
EndProject
Project("{FAE04EC0-301F-11D3-BF4B-00C04F79EFBC}") = "Task.BackupAgent", "src\Task.BackupAgent\Task.BackupAgent.csproj", "{F487944B-4469-49D4-AF3C-C6438A4F5CAE}"
EndProject
Project("{FAE04EC0-301F-11D3-BF4B-00C04F79EFBC}") = "Task.Desktop", "src\Task.Desktop\Task.Desktop.csproj", "{872F90F0-DD68-46E0-B0F6-60089A622803}"
EndProject
Project("{2150E333-8FDC-42A3-9474-1A3956D46DE8}") = "tests", "tests", "{0AB3BF05-4346-4AA6-1389-037BE0695223}"
EndProject
Project("{FAE04EC0-301F-11D3-BF4B-00C04F79EFBC}") = "Task.Tests", "tests\Task.Tests\Task.Tests.csproj", "{AD68C9B0-E9A1-467C-9568-B8FE513FB157}"
EndProject
Project("{FAE04EC0-301F-11D3-BF4B-00C04F79EFBC}") = "Task.ServiceHosts.Tests", "tests\Task.ServiceHosts.Tests\Task.ServiceHosts.Tests.csproj", "{0459604D-3BA9-4854-90E1-E071222D09CE}"
EndProject
Project("{FAE04EC0-301F-11D3-BF4B-00C04F79EFBC}") = "Task.Desktop.Tests", "tests\Task.Desktop.Tests\Task.Desktop.Tests.csproj", "{2341FF09-4415-4375-BC89-C04BE492B019}"
EndProject
Project("{FAE04EC0-301F-11D3-BF4B-00C04F79EFBC}") = "Task.DatabaseMigrator", "src\Task.DatabaseMigrator\Task.DatabaseMigrator.csproj", "{2C6FD763-7624-4B62-AB48-87366D90CBE4}"
EndProject
Global
	GlobalSection(SolutionConfigurationPlatforms) = preSolution
		Debug|Any CPU = Debug|Any CPU
		Debug|x64 = Debug|x64
		Debug|x86 = Debug|x86
		Release|Any CPU = Release|Any CPU
		Release|x64 = Release|x64
		Release|x86 = Release|x86
	EndGlobalSection
	GlobalSection(ProjectConfigurationPlatforms) = postSolution
		{0FA3E15C-8F9D-4077-A999-7928FAABA12C}.Debug|Any CPU.ActiveCfg = Debug|Any CPU
		{0FA3E15C-8F9D-4077-A999-7928FAABA12C}.Debug|Any CPU.Build.0 = Debug|Any CPU
		{0FA3E15C-8F9D-4077-A999-7928FAABA12C}.Debug|x64.ActiveCfg = Debug|Any CPU
		{0FA3E15C-8F9D-4077-A999-7928FAABA12C}.Debug|x64.Build.0 = Debug|Any CPU
		{0FA3E15C-8F9D-4077-A999-7928FAABA12C}.Debug|x86.ActiveCfg = Debug|Any CPU
		{0FA3E15C-8F9D-4077-A999-7928FAABA12C}.Debug|x86.Build.0 = Debug|Any CPU
		{0FA3E15C-8F9D-4077-A999-7928FAABA12C}.Release|Any CPU.ActiveCfg = Release|Any CPU
		{0FA3E15C-8F9D-4077-A999-7928FAABA12C}.Release|Any CPU.Build.0 = Release|Any CPU
		{0FA3E15C-8F9D-4077-A999-7928FAABA12C}.Release|x64.ActiveCfg = Release|Any CPU
		{0FA3E15C-8F9D-4077-A999-7928FAABA12C}.Release|x64.Build.0 = Release|Any CPU
		{0FA3E15C-8F9D-4077-A999-7928FAABA12C}.Release|x86.ActiveCfg = Release|Any CPU
		{0FA3E15C-8F9D-4077-A999-7928FAABA12C}.Release|x86.Build.0 = Release|Any CPU
		{BAB046EF-5873-49C8-AB56-9B7D789E2636}.Debug|Any CPU.ActiveCfg = Debug|Any CPU
		{BAB046EF-5873-49C8-AB56-9B7D789E2636}.Debug|Any CPU.Build.0 = Debug|Any CPU
		{BAB046EF-5873-49C8-AB56-9B7D789E2636}.Debug|x64.ActiveCfg = Debug|Any CPU
		{BAB046EF-5873-49C8-AB56-9B7D789E2636}.Debug|x64.Build.0 = Debug|Any CPU
		{BAB046EF-5873-49C8-AB56-9B7D789E2636}.Debug|x86.ActiveCfg = Debug|Any CPU
		{BAB046EF-5873-49C8-AB56-9B7D789E2636}.Debug|x86.Build.0 = Debug|Any CPU
		{BAB046EF-5873-49C8-AB56-9B7D789E2636}.Release|Any CPU.ActiveCfg = Release|Any CPU
		{BAB046EF-5873-49C8-AB56-9B7D789E2636}.Release|Any CPU.Build.0 = Release|Any CPU
		{BAB046EF-5873-49C8-AB56-9B7D789E2636}.Release|x64.ActiveCfg = Release|Any CPU
		{BAB046EF-5873-49C8-AB56-9B7D789E2636}.Release|x64.Build.0 = Release|Any CPU
		{BAB046EF-5873-49C8-AB56-9B7D789E2636}.Release|x86.ActiveCfg = Release|Any CPU
		{BAB046EF-5873-49C8-AB56-9B7D789E2636}.Release|x86.Build.0 = Release|Any CPU
		{64470C07-2E9D-499D-9EAC-ABC63A50D4F0}.Debug|Any CPU.ActiveCfg = Debug|Any CPU
		{64470C07-2E9D-499D-9EAC-ABC63A50D4F0}.Debug|Any CPU.Build.0 = Debug|Any CPU
		{64470C07-2E9D-499D-9EAC-ABC63A50D4F0}.Debug|x64.ActiveCfg = Debug|Any CPU
		{64470C07-2E9D-499D-9EAC-ABC63A50D4F0}.Debug|x64.Build.0 = Debug|Any CPU
		{64470C07-2E9D-499D-9EAC-ABC63A50D4F0}.Debug|x86.ActiveCfg = Debug|Any CPU
		{64470C07-2E9D-499D-9EAC-ABC63A50D4F0}.Debug|x86.Build.0 = Debug|Any CPU
		{64470C07-2E9D-499D-9EAC-ABC63A50D4F0}.Release|Any CPU.ActiveCfg = Release|Any CPU
		{64470C07-2E9D-499D-9EAC-ABC63A50D4F0}.Release|Any CPU.Build.0 = Release|Any CPU
		{64470C07-2E9D-499D-9EAC-ABC63A50D4F0}.Release|x64.ActiveCfg = Release|Any CPU
		{64470C07-2E9D-499D-9EAC-ABC63A50D4F0}.Release|x64.Build.0 = Release|Any CPU
		{64470C07-2E9D-499D-9EAC-ABC63A50D4F0}.Release|x86.ActiveCfg = Release|Any CPU
		{64470C07-2E9D-499D-9EAC-ABC63A50D4F0}.Release|x86.Build.0 = Release|Any CPU
		{F6027C45-A78A-4DB2-903B-C551FB151F04}.Debug|Any CPU.ActiveCfg = Debug|Any CPU
		{F6027C45-A78A-4DB2-903B-C551FB151F04}.Debug|Any CPU.Build.0 = Debug|Any CPU
		{F6027C45-A78A-4DB2-903B-C551FB151F04}.Debug|x64.ActiveCfg = Debug|Any CPU
		{F6027C45-A78A-4DB2-903B-C551FB151F04}.Debug|x64.Build.0 = Debug|Any CPU
		{F6027C45-A78A-4DB2-903B-C551FB151F04}.Debug|x86.ActiveCfg = Debug|Any CPU
		{F6027C45-A78A-4DB2-903B-C551FB151F04}.Debug|x86.Build.0 = Debug|Any CPU
		{F6027C45-A78A-4DB2-903B-C551FB151F04}.Release|Any CPU.ActiveCfg = Release|Any CPU
		{F6027C45-A78A-4DB2-903B-C551FB151F04}.Release|Any CPU.Build.0 = Release|Any CPU
		{F6027C45-A78A-4DB2-903B-C551FB151F04}.Release|x64.ActiveCfg = Release|Any CPU
		{F6027C45-A78A-4DB2-903B-C551FB151F04}.Release|x64.Build.0 = Release|Any CPU
		{F6027C45-A78A-4DB2-903B-C551FB151F04}.Release|x86.ActiveCfg = Release|Any CPU
		{F6027C45-A78A-4DB2-903B-C551FB151F04}.Release|x86.Build.0 = Release|Any CPU
		{0DC47B5A-6EA9-4CD1-BE4C-161721C7BD66}.Debug|Any CPU.ActiveCfg = Debug|Any CPU
		{0DC47B5A-6EA9-4CD1-BE4C-161721C7BD66}.Debug|Any CPU.Build.0 = Debug|Any CPU
		{0DC47B5A-6EA9-4CD1-BE4C-161721C7BD66}.Debug|x64.ActiveCfg = Debug|Any CPU
		{0DC47B5A-6EA9-4CD1-BE4C-161721C7BD66}.Debug|x64.Build.0 = Debug|Any CPU
		{0DC47B5A-6EA9-4CD1-BE4C-161721C7BD66}.Debug|x86.ActiveCfg = Debug|Any CPU
		{0DC47B5A-6EA9-4CD1-BE4C-161721C7BD66}.Debug|x86.Build.0 = Debug|Any CPU
		{0DC47B5A-6EA9-4CD1-BE4C-161721C7BD66}.Release|Any CPU.ActiveCfg = Release|Any CPU
		{0DC47B5A-6EA9-4CD1-BE4C-161721C7BD66}.Release|Any CPU.Build.0 = Release|Any CPU
		{0DC47B5A-6EA9-4CD1-BE4C-161721C7BD66}.Release|x64.ActiveCfg = Release|Any CPU
		{0DC47B5A-6EA9-4CD1-BE4C-161721C7BD66}.Release|x64.Build.0 = Release|Any CPU
		{0DC47B5A-6EA9-4CD1-BE4C-161721C7BD66}.Release|x86.ActiveCfg = Release|Any CPU
		{0DC47B5A-6EA9-4CD1-BE4C-161721C7BD66}.Release|x86.Build.0 = Release|Any CPU
		{F487944B-4469-49D4-AF3C-C6438A4F5CAE}.Debug|Any CPU.ActiveCfg = Debug|Any CPU
		{F487944B-4469-49D4-AF3C-C6438A4F5CAE}.Debug|Any CPU.Build.0 = Debug|Any CPU
		{F487944B-4469-49D4-AF3C-C6438A4F5CAE}.Debug|x64.ActiveCfg = Debug|Any CPU
		{F487944B-4469-49D4-AF3C-C6438A4F5CAE}.Debug|x64.Build.0 = Debug|Any CPU
		{F487944B-4469-49D4-AF3C-C6438A4F5CAE}.Debug|x86.ActiveCfg = Debug|Any CPU
		{F487944B-4469-49D4-AF3C-C6438A4F5CAE}.Debug|x86.Build.0 = Debug|Any CPU
		{F487944B-4469-49D4-AF3C-C6438A4F5CAE}.Release|Any CPU.ActiveCfg = Release|Any CPU
		{F487944B-4469-49D4-AF3C-C6438A4F5CAE}.Release|Any CPU.Build.0 = Release|Any CPU
		{F487944B-4469-49D4-AF3C-C6438A4F5CAE}.Release|x64.ActiveCfg = Release|Any CPU
		{F487944B-4469-49D4-AF3C-C6438A4F5CAE}.Release|x64.Build.0 = Release|Any CPU
		{F487944B-4469-49D4-AF3C-C6438A4F5CAE}.Release|x86.ActiveCfg = Release|Any CPU
		{F487944B-4469-49D4-AF3C-C6438A4F5CAE}.Release|x86.Build.0 = Release|Any CPU
		{872F90F0-DD68-46E0-B0F6-60089A622803}.Debug|Any CPU.ActiveCfg = Debug|Any CPU
		{872F90F0-DD68-46E0-B0F6-60089A622803}.Debug|Any CPU.Build.0 = Debug|Any CPU
		{872F90F0-DD68-46E0-B0F6-60089A622803}.Debug|x64.ActiveCfg = Debug|Any CPU
		{872F90F0-DD68-46E0-B0F6-60089A622803}.Debug|x64.Build.0 = Debug|Any CPU
		{872F90F0-DD68-46E0-B0F6-60089A622803}.Debug|x86.ActiveCfg = Debug|Any CPU
		{872F90F0-DD68-46E0-B0F6-60089A622803}.Debug|x86.Build.0 = Debug|Any CPU
		{872F90F0-DD68-46E0-B0F6-60089A622803}.Release|Any CPU.ActiveCfg = Release|Any CPU
		{872F90F0-DD68-46E0-B0F6-60089A622803}.Release|Any CPU.Build.0 = Release|Any CPU
		{872F90F0-DD68-46E0-B0F6-60089A622803}.Release|x64.ActiveCfg = Release|Any CPU
		{872F90F0-DD68-46E0-B0F6-60089A622803}.Release|x64.Build.0 = Release|Any CPU
		{872F90F0-DD68-46E0-B0F6-60089A622803}.Release|x86.ActiveCfg = Release|Any CPU
		{872F90F0-DD68-46E0-B0F6-60089A622803}.Release|x86.Build.0 = Release|Any CPU
		{AD68C9B0-E9A1-467C-9568-B8FE513FB157}.Debug|Any CPU.ActiveCfg = Debug|Any CPU
		{AD68C9B0-E9A1-467C-9568-B8FE513FB157}.Debug|Any CPU.Build.0 = Debug|Any CPU
		{AD68C9B0-E9A1-467C-9568-B8FE513FB157}.Debug|x64.ActiveCfg = Debug|Any CPU
		{AD68C9B0-E9A1-467C-9568-B8FE513FB157}.Debug|x64.Build.0 = Debug|Any CPU
		{AD68C9B0-E9A1-467C-9568-B8FE513FB157}.Debug|x86.ActiveCfg = Debug|Any CPU
		{AD68C9B0-E9A1-467C-9568-B8FE513FB157}.Debug|x86.Build.0 = Debug|Any CPU
		{AD68C9B0-E9A1-467C-9568-B8FE513FB157}.Release|Any CPU.ActiveCfg = Release|Any CPU
		{AD68C9B0-E9A1-467C-9568-B8FE513FB157}.Release|Any CPU.Build.0 = Release|Any CPU
		{AD68C9B0-E9A1-467C-9568-B8FE513FB157}.Release|x64.ActiveCfg = Release|Any CPU
		{AD68C9B0-E9A1-467C-9568-B8FE513FB157}.Release|x64.Build.0 = Release|Any CPU
		{AD68C9B0-E9A1-467C-9568-B8FE513FB157}.Release|x86.ActiveCfg = Release|Any CPU
		{AD68C9B0-E9A1-467C-9568-B8FE513FB157}.Release|x86.Build.0 = Release|Any CPU
		{0459604D-3BA9-4854-90E1-E071222D09CE}.Debug|Any CPU.ActiveCfg = Debug|Any CPU
		{0459604D-3BA9-4854-90E1-E071222D09CE}.Debug|Any CPU.Build.0 = Debug|Any CPU
		{0459604D-3BA9-4854-90E1-E071222D09CE}.Debug|x64.ActiveCfg = Debug|Any CPU
		{0459604D-3BA9-4854-90E1-E071222D09CE}.Debug|x64.Build.0 = Debug|Any CPU
		{0459604D-3BA9-4854-90E1-E071222D09CE}.Debug|x86.ActiveCfg = Debug|Any CPU
		{0459604D-3BA9-4854-90E1-E071222D09CE}.Debug|x86.Build.0 = Debug|Any CPU
		{0459604D-3BA9-4854-90E1-E071222D09CE}.Release|Any CPU.ActiveCfg = Release|Any CPU
		{0459604D-3BA9-4854-90E1-E071222D09CE}.Release|Any CPU.Build.0 = Release|Any CPU
		{0459604D-3BA9-4854-90E1-E071222D09CE}.Release|x64.ActiveCfg = Release|Any CPU
		{0459604D-3BA9-4854-90E1-E071222D09CE}.Release|x64.Build.0 = Release|Any CPU
		{0459604D-3BA9-4854-90E1-E071222D09CE}.Release|x86.ActiveCfg = Release|Any CPU
		{0459604D-3BA9-4854-90E1-E071222D09CE}.Release|x86.Build.0 = Release|Any CPU
		{2341FF09-4415-4375-BC89-C04BE492B019}.Debug|Any CPU.ActiveCfg = Debug|Any CPU
		{2341FF09-4415-4375-BC89-C04BE492B019}.Debug|Any CPU.Build.0 = Debug|Any CPU
		{2341FF09-4415-4375-BC89-C04BE492B019}.Debug|x64.ActiveCfg = Debug|Any CPU
		{2341FF09-4415-4375-BC89-C04BE492B019}.Debug|x64.Build.0 = Debug|Any CPU
		{2341FF09-4415-4375-BC89-C04BE492B019}.Debug|x86.ActiveCfg = Debug|Any CPU
		{2341FF09-4415-4375-BC89-C04BE492B019}.Debug|x86.Build.0 = Debug|Any CPU
		{2341FF09-4415-4375-BC89-C04BE492B019}.Release|Any CPU.ActiveCfg = Release|Any CPU
		{2341FF09-4415-4375-BC89-C04BE492B019}.Release|Any CPU.Build.0 = Release|Any CPU
		{2341FF09-4415-4375-BC89-C04BE492B019}.Release|x64.ActiveCfg = Release|Any CPU
		{2341FF09-4415-4375-BC89-C04BE492B019}.Release|x64.Build.0 = Release|Any CPU
		{2341FF09-4415-4375-BC89-C04BE492B019}.Release|x86.ActiveCfg = Release|Any CPU
		{2341FF09-4415-4375-BC89-C04BE492B019}.Release|x86.Build.0 = Release|Any CPU
		{2C6FD763-7624-4B62-AB48-87366D90CBE4}.Debug|Any CPU.ActiveCfg = Debug|Any CPU
		{2C6FD763-7624-4B62-AB48-87366D90CBE4}.Debug|Any CPU.Build.0 = Debug|Any CPU
		{2C6FD763-7624-4B62-AB48-87366D90CBE4}.Debug|x64.ActiveCfg = Debug|Any CPU
		{2C6FD763-7624-4B62-AB48-87366D90CBE4}.Debug|x64.Build.0 = Debug|Any CPU
		{2C6FD763-7624-4B62-AB48-87366D90CBE4}.Debug|x86.ActiveCfg = Debug|Any CPU
		{2C6FD763-7624-4B62-AB48-87366D90CBE4}.Debug|x86.Build.0 = Debug|Any CPU
		{2C6FD763-7624-4B62-AB48-87366D90CBE4}.Release|Any CPU.ActiveCfg = Release|Any CPU
		{2C6FD763-7624-4B62-AB48-87366D90CBE4}.Release|Any CPU.Build.0 = Release|Any CPU
		{2C6FD763-7624-4B62-AB48-87366D90CBE4}.Release|x64.ActiveCfg = Release|Any CPU
		{2C6FD763-7624-4B62-AB48-87366D90CBE4}.Release|x64.Build.0 = Release|Any CPU
		{2C6FD763-7624-4B62-AB48-87366D90CBE4}.Release|x86.ActiveCfg = Release|Any CPU
		{2C6FD763-7624-4B62-AB48-87366D90CBE4}.Release|x86.Build.0 = Release|Any CPU
	EndGlobalSection
	GlobalSection(SolutionProperties) = preSolution
		HideSolutionNode = FALSE
	EndGlobalSection
	GlobalSection(NestedProjects) = preSolution
		{0FA3E15C-8F9D-4077-A999-7928FAABA12C} = {827E0CD3-B72D-47B6-A68D-7590B98EB39B}
		{BAB046EF-5873-49C8-AB56-9B7D789E2636} = {827E0CD3-B72D-47B6-A68D-7590B98EB39B}
		{64470C07-2E9D-499D-9EAC-ABC63A50D4F0} = {827E0CD3-B72D-47B6-A68D-7590B98EB39B}
		{F6027C45-A78A-4DB2-903B-C551FB151F04} = {827E0CD3-B72D-47B6-A68D-7590B98EB39B}
		{0DC47B5A-6EA9-4CD1-BE4C-161721C7BD66} = {827E0CD3-B72D-47B6-A68D-7590B98EB39B}
		{F487944B-4469-49D4-AF3C-C6438A4F5CAE} = {827E0CD3-B72D-47B6-A68D-7590B98EB39B}
		{872F90F0-DD68-46E0-B0F6-60089A622803} = {827E0CD3-B72D-47B6-A68D-7590B98EB39B}
		{AD68C9B0-E9A1-467C-9568-B8FE513FB157} = {0AB3BF05-4346-4AA6-1389-037BE0695223}
		{0459604D-3BA9-4854-90E1-E071222D09CE} = {0AB3BF05-4346-4AA6-1389-037BE0695223}
		{2341FF09-4415-4375-BC89-C04BE492B019} = {0AB3BF05-4346-4AA6-1389-037BE0695223}
		{2C6FD763-7624-4B62-AB48-87366D90CBE4} = {827E0CD3-B72D-47B6-A68D-7590B98EB39B}
	EndGlobalSection
EndGlobal
